// !$*UTF8*$!
{
	archiveVersion = 1;
	classes = {
	};
	objectVersion = 48;
	objects = {

/* Begin PBXBuildFile section */
		53377A8120B7872500EAAAAD /* AppDelegate.m in Sources */ = {isa = PBXBuildFile; fileRef = 53377A8020B7872500EAAAAD /* AppDelegate.m */; };
		53377A8420B7872500EAAAAD /* ViewController.m in Sources */ = {isa = PBXBuildFile; fileRef = 53377A8320B7872500EAAAAD /* ViewController.m */; };
		53377A8720B7872500EAAAAD /* Main.storyboard in Resources */ = {isa = PBXBuildFile; fileRef = 53377A8520B7872500EAAAAD /* Main.storyboard */; };
		53377A8A20B7872500EAAAAD /* Wag.xcdatamodeld in Sources */ = {isa = PBXBuildFile; fileRef = 53377A8820B7872500EAAAAD /* Wag.xcdatamodeld */; };
		53377A8C20B7872500EAAAAD /* Assets.xcassets in Resources */ = {isa = PBXBuildFile; fileRef = 53377A8B20B7872500EAAAAD /* Assets.xcassets */; };
		53377A8F20B7872500EAAAAD /* LaunchScreen.storyboard in Resources */ = {isa = PBXBuildFile; fileRef = 53377A8D20B7872500EAAAAD /* LaunchScreen.storyboard */; };
		53377A9220B7872500EAAAAD /* main.m in Sources */ = {isa = PBXBuildFile; fileRef = 53377A9120B7872500EAAAAD /* main.m */; };
		53377A9A20B7873800EAAAAD /* Item.m in Sources */ = {isa = PBXBuildFile; fileRef = 53377A9920B7873800EAAAAD /* Item.m */; };
		53377ACD20B7912800EAAAAD /* CustomTableViewCell.m in Sources */ = {isa = PBXBuildFile; fileRef = 53377ACB20B7912800EAAAAD /* CustomTableViewCell.m */; };
		53377ACE20B7912800EAAAAD /* CustomTableViewCell.xib in Resources */ = {isa = PBXBuildFile; fileRef = 53377ACC20B7912800EAAAAD /* CustomTableViewCell.xib */; };
/* End PBXBuildFile section */

/* Begin PBXFileReference section */
		53377A7C20B7872500EAAAAD /* Wag.app */ = {isa = PBXFileReference; explicitFileType = wrapper.application; includeInIndex = 0; path = Wag.app; sourceTree = BUILT_PRODUCTS_DIR; };
		53377A7F20B7872500EAAAAD /* AppDelegate.h */ = {isa = PBXFileReference; lastKnownFileType = sourcecode.c.h; path = AppDelegate.h; sourceTree = "<group>"; };
		53377A8020B7872500EAAAAD /* AppDelegate.m */ = {isa = PBXFileReference; lastKnownFileType = sourcecode.c.objc; path = AppDelegate.m; sourceTree = "<group>"; };
		53377A8220B7872500EAAAAD /* ViewController.h */ = {isa = PBXFileReference; lastKnownFileType = sourcecode.c.h; path = ViewController.h; sourceTree = "<group>"; };
		53377A8320B7872500EAAAAD /* ViewController.m */ = {isa = PBXFileReference; lastKnownFileType = sourcecode.c.objc; path = ViewController.m; sourceTree = "<group>"; };
		53377A8620B7872500EAAAAD /* Base */ = {isa = PBXFileReference; lastKnownFileType = file.storyboard; name = Base; path = Base.lproj/Main.storyboard; sourceTree = "<group>"; };
		53377A8920B7872500EAAAAD /* Wag.xcdatamodel */ = {isa = PBXFileReference; lastKnownFileType = wrapper.xcdatamodel; path = Wag.xcdatamodel; sourceTree = "<group>"; };
		53377A8B20B7872500EAAAAD /* Assets.xcassets */ = {isa = PBXFileReference; lastKnownFileType = folder.assetcatalog; path = Assets.xcassets; sourceTree = "<group>"; };
		53377A8E20B7872500EAAAAD /* Base */ = {isa = PBXFileReference; lastKnownFileType = file.storyboard; name = Base; path = Base.lproj/LaunchScreen.storyboard; sourceTree = "<group>"; };
		53377A9020B7872500EAAAAD /* Info.plist */ = {isa = PBXFileReference; lastKnownFileType = text.plist.xml; path = Info.plist; sourceTree = "<group>"; };
		53377A9120B7872500EAAAAD /* main.m */ = {isa = PBXFileReference; lastKnownFileType = sourcecode.c.objc; path = main.m; sourceTree = "<group>"; };
		53377A9820B7873800EAAAAD /* Item.h */ = {isa = PBXFileReference; lastKnownFileType = sourcecode.c.h; path = Item.h; sourceTree = "<group>"; };
		53377A9920B7873800EAAAAD /* Item.m */ = {isa = PBXFileReference; lastKnownFileType = sourcecode.c.objc; path = Item.m; sourceTree = "<group>"; };
		53377ACA20B7912800EAAAAD /* CustomTableViewCell.h */ = {isa = PBXFileReference; lastKnownFileType = sourcecode.c.h; path = CustomTableViewCell.h; sourceTree = "<group>"; };
		53377ACB20B7912800EAAAAD /* CustomTableViewCell.m */ = {isa = PBXFileReference; lastKnownFileType = sourcecode.c.objc; path = CustomTableViewCell.m; sourceTree = "<group>"; };
		53377ACC20B7912800EAAAAD /* CustomTableViewCell.xib */ = {isa = PBXFileReference; lastKnownFileType = file.xib; path = CustomTableViewCell.xib; sourceTree = "<group>"; };
/* End PBXFileReference section */

/* Begin PBXFrameworksBuildPhase section */
		53377A7920B7872500EAAAAD /* Frameworks */ = {
			isa = PBXFrameworksBuildPhase;
			buildActionMask = 2147483647;
			files = (
			);
			runOnlyForDeploymentPostprocessing = 0;
		};
/* End PBXFrameworksBuildPhase section */

/* Begin PBXGroup section */
		53377A7320B7872500EAAAAD = {
			isa = PBXGroup;
			children = (
				53377A7E20B7872500EAAAAD /* Wag */,
				53377A7D20B7872500EAAAAD /* Products */,
			);
			sourceTree = "<group>";
		};
		53377A7D20B7872500EAAAAD /* Products */ = {
			isa = PBXGroup;
			children = (
				53377A7C20B7872500EAAAAD /* Wag.app */,
			);
			name = Products;
			sourceTree = "<group>";
		};
		53377A7E20B7872500EAAAAD /* Wag */ = {
			isa = PBXGroup;
			children = (
				53377A7F20B7872500EAAAAD /* AppDelegate.h */,
				53377A8020B7872500EAAAAD /* AppDelegate.m */,
				53377A8220B7872500EAAAAD /* ViewController.h */,
				53377A8320B7872500EAAAAD /* ViewController.m */,
				53377A9820B7873800EAAAAD /* Item.h */,
				53377A9920B7873800EAAAAD /* Item.m */,
				53377A8520B7872500EAAAAD /* Main.storyboard */,
				53377ACA20B7912800EAAAAD /* CustomTableViewCell.h */,
				53377ACB20B7912800EAAAAD /* CustomTableViewCell.m */,
				53377ACC20B7912800EAAAAD /* CustomTableViewCell.xib */,
				53377A8B20B7872500EAAAAD /* Assets.xcassets */,
				53377A8D20B7872500EAAAAD /* LaunchScreen.storyboard */,
				53377A9020B7872500EAAAAD /* Info.plist */,
				53377A9120B7872500EAAAAD /* main.m */,
				53377A8820B7872500EAAAAD /* Wag.xcdatamodeld */,
			);
			path = Wag;
			sourceTree = "<group>";
		};
/* End PBXGroup section */

/* Begin PBXNativeTarget section */
		53377A7B20B7872500EAAAAD /* Wag */ = {
			isa = PBXNativeTarget;
			buildConfigurationList = 53377A9520B7872500EAAAAD /* Build configuration list for PBXNativeTarget "Wag" */;
			buildPhases = (
				53377A7820B7872500EAAAAD /* Sources */,
				53377A7920B7872500EAAAAD /* Frameworks */,
				53377A7A20B7872500EAAAAD /* Resources */,
			);
			buildRules = (
			);
			dependencies = (
			);
			name = Wag;
			productName = Wag;
			productReference = 53377A7C20B7872500EAAAAD /* Wag.app */;
			productType = "com.apple.product-type.application";
		};
/* End PBXNativeTarget section */

/* Begin PBXProject section */
		53377A7420B7872500EAAAAD /* Project object */ = {
			isa = PBXProject;
			attributes = {
				LastUpgradeCheck = 0920;
				ORGANIZATIONNAME = Keith;
				TargetAttributes = {
					53377A7B20B7872500EAAAAD = {
						CreatedOnToolsVersion = 9.2;
						ProvisioningStyle = Automatic;
					};
				};
			};
			buildConfigurationList = 53377A7720B7872500EAAAAD /* Build configuration list for PBXProject "Wag" */;
			compatibilityVersion = "Xcode 8.0";
			developmentRegion = en;
			hasScannedForEncodings = 0;
			knownRegions = (
				en,
				Base,
			);
			mainGroup = 53377A7320B7872500EAAAAD;
			productRefGroup = 53377A7D20B7872500EAAAAD /* Products */;
			projectDirPath = "";
			projectRoot = "";
			targets = (
				53377A7B20B7872500EAAAAD /* Wag */,
			);
		};
/* End PBXProject section */

/* Begin PBXResourcesBuildPhase section */
		53377A7A20B7872500EAAAAD /* Resources */ = {
			isa = PBXResourcesBuildPhase;
			buildActionMask = 2147483647;
			files = (
				53377A8F20B7872500EAAAAD /* LaunchScreen.storyboard in Resources */,
				53377A8C20B7872500EAAAAD /* Assets.xcassets in Resources */,
				53377ACE20B7912800EAAAAD /* CustomTableViewCell.xib in Resources */,
				53377A8720B7872500EAAAAD /* Main.storyboard in Resources */,
			);
			runOnlyForDeploymentPostprocessing = 0;
		};
/* End PBXResourcesBuildPhase section */

/* Begin PBXSourcesBuildPhase section */
		53377A7820B7872500EAAAAD /* Sources */ = {
			isa = PBXSourcesBuildPhase;
			buildActionMask = 2147483647;
			files = (
				53377A9A20B7873800EAAAAD /* Item.m in Sources */,
				53377A8420B7872500EAAAAD /* ViewController.m in Sources */,
				53377ACD20B7912800EAAAAD /* CustomTableViewCell.m in Sources */,
				53377A8120B7872500EAAAAD /* AppDelegate.m in Sources */,
				53377A9220B7872500EAAAAD /* main.m in Sources */,
				53377A8A20B7872500EAAAAD /* Wag.xcdatamodeld in Sources */,
			);
			runOnlyForDeploymentPostprocessing = 0;
		};
/* End PBXSourcesBuildPhase section */

/* Begin PBXVariantGroup section */
		53377A8520B7872500EAAAAD /* Main.storyboard */ = {
			isa = PBXVariantGroup;
			children = (
				53377A8620B7872500EAAAAD /* Base */,
			);
			name = Main.storyboard;
			sourceTree = "<group>";
		};
		53377A8D20B7872500EAAAAD /* LaunchScreen.storyboard */ = {
			isa = PBXVariantGroup;
			children = (
				53377A8E20B7872500EAAAAD /* Base */,
			);
			name = LaunchScreen.storyboard;
			sourceTree = "<group>";
		};
/* End PBXVariantGroup section */

/* Begin XCBuildConfiguration section */
		53377A9320B7872500EAAAAD /* Debug */ = {
			isa = XCBuildConfiguration;
			buildSettings = {
				ALWAYS_SEARCH_USER_PATHS = NO;
				CLANG_ANALYZER_NONNULL = YES;
				CLANG_ANALYZER_NUMBER_OBJECT_CONVERSION = YES_AGGRESSIVE;
				CLANG_CXX_LANGUAGE_STANDARD = "gnu++14";
				CLANG_CXX_LIBRARY = "libc++";
				CLANG_ENABLE_MODULES = YES;
				CLANG_ENABLE_OBJC_ARC = YES;
				CLANG_WARN_BLOCK_CAPTURE_AUTORELEASING = YES;
				CLANG_WARN_BOOL_CONVERSION = YES;
				CLANG_WARN_COMMA = YES;
				CLANG_WARN_CONSTANT_CONVERSION = YES;
				CLANG_WARN_DIRECT_OBJC_ISA_USAGE = YES_ERROR;
				CLANG_WARN_DOCUMENTATION_COMMENTS = YES;
				CLANG_WARN_EMPTY_BODY = YES;
				CLANG_WARN_ENUM_CONVERSION = YES;
				CLANG_WARN_INFINITE_RECURSION = YES;
				CLANG_WARN_INT_CONVERSION = YES;
				CLANG_WARN_NON_LITERAL_NULL_CONVERSION = YES;
				CLANG_WARN_OBJC_LITERAL_CONVERSION = YES;
				CLANG_WARN_OBJC_ROOT_CLASS = YES_ERROR;
				CLANG_WARN_RANGE_LOOP_ANALYSIS = YES;
				CLANG_WARN_STRICT_PROTOTYPES = YES;
				CLANG_WARN_SUSPICIOUS_MOVE = YES;
				CLANG_WARN_UNGUARDED_AVAILABILITY = YES_AGGRESSIVE;
				CLANG_WARN_UNREACHABLE_CODE = YES;
				CLANG_WARN__DUPLICATE_METHOD_MATCH = YES;
				CODE_SIGN_IDENTITY = "iPhone Developer";
				COPY_PHASE_STRIP = NO;
				DEBUG_INFORMATION_FORMAT = dwarf;
				ENABLE_STRICT_OBJC_MSGSEND = YES;
				ENABLE_TESTABILITY = YES;
				GCC_C_LANGUAGE_STANDARD = gnu11;
				GCC_DYNAMIC_NO_PIC = NO;
				GCC_NO_COMMON_BLOCKS = YES;
				GCC_OPTIMIZATION_LEVEL = 0;
				GCC_PREPROCESSOR_DEFINITIONS = (
					"DEBUG=1",
					"$(inherited)",
				);
				GCC_WARN_64_TO_32_BIT_CONVERSION = YES;
				GCC_WARN_ABOUT_RETURN_TYPE = YES_ERROR;
				GCC_WARN_UNDECLARED_SELECTOR = YES;
				GCC_WARN_UNINITIALIZED_AUTOS = YES_AGGRESSIVE;
				GCC_WARN_UNUSED_FUNCTION = YES;
				GCC_WARN_UNUSED_VARIABLE = YES;
				IPHONEOS_DEPLOYMENT_TARGET = 11.2;
				MTL_ENABLE_DEBUG_INFO = YES;
				ONLY_ACTIVE_ARCH = YES;
				SDKROOT = iphoneos;
			};
			name = Debug;
		};
		53377A9420B7872500EAAAAD /* Release */ = {
			isa = XCBuildConfiguration;
			buildSettings = {
				ALWAYS_SEARCH_USER_PATHS = NO;
				CLANG_ANALYZER_NONNULL = YES;
				CLANG_ANALYZER_NUMBER_OBJECT_CONVERSION = YES_AGGRESSIVE;
				CLANG_CXX_LANGUAGE_STANDARD = "gnu++14";
				CLANG_CXX_LIBRARY = "libc++";
				CLANG_ENABLE_MODULES = YES;
				CLANG_ENABLE_OBJC_ARC = YES;
				CLANG_WARN_BLOCK_CAPTURE_AUTORELEASING = YES;
				CLANG_WARN_BOOL_CONVERSION = YES;
				CLANG_WARN_COMMA = YES;
				CLANG_WARN_CONSTANT_CONVERSION = YES;
				CLANG_WARN_DIRECT_OBJC_ISA_USAGE = YES_ERROR;
				CLANG_WARN_DOCUMENTATION_COMMENTS = YES;
				CLANG_WARN_EMPTY_BODY = YES;
				CLANG_WARN_ENUM_CONVERSION = YES;
				CLANG_WARN_INFINITE_RECURSION = YES;
				CLANG_WARN_INT_CONVERSION = YES;
				CLANG_WARN_NON_LITERAL_NULL_CONVERSION = YES;
				CLANG_WARN_OBJC_LITERAL_CONVERSION = YES;
				CLANG_WARN_OBJC_ROOT_CLASS = YES_ERROR;
				CLANG_WARN_RANGE_LOOP_ANALYSIS = YES;
				CLANG_WARN_STRICT_PROTOTYPES = YES;
				CLANG_WARN_SUSPICIOUS_MOVE = YES;
				CLANG_WARN_UNGUARDED_AVAILABILITY = YES_AGGRESSIVE;
				CLANG_WARN_UNREACHABLE_CODE = YES;
				CLANG_WARN__DUPLICATE_METHOD_MATCH = YES;
				CODE_SIGN_IDENTITY = "iPhone Developer";
				COPY_PHASE_STRIP = NO;
				DEBUG_INFORMATION_FORMAT = "dwarf-with-dsym";
				ENABLE_NS_ASSERTIONS = NO;
				ENABLE_STRICT_OBJC_MSGSEND = YES;
				GCC_C_LANGUAGE_STANDARD = gnu11;
				GCC_NO_COMMON_BLOCKS = YES;
				GCC_WARN_64_TO_32_BIT_CONVERSION = YES;
				GCC_WARN_ABOUT_RETURN_TYPE = YES_ERROR;
				GCC_WARN_UNDECLARED_SELECTOR = YES;
				GCC_WARN_UNINITIALIZED_AUTOS = YES_AGGRESSIVE;
				GCC_WARN_UNUSED_FUNCTION = YES;
				GCC_WARN_UNUSED_VARIABLE = YES;
				IPHONEOS_DEPLOYMENT_TARGET = 11.2;
				MTL_ENABLE_DEBUG_INFO = NO;
				SDKROOT = iphoneos;
				VALIDATE_PRODUCT = YES;
			};
			name = Release;
		};
		53377A9620B7872500EAAAAD /* Debug */ = {
			isa = XCBuildConfiguration;
			buildSettings = {
				ASSETCATALOG_COMPILER_APPICON_NAME = AppIcon;
				CODE_SIGN_STYLE = Automatic;
				DEVELOPMENT_TEAM = "";
				INFOPLIST_FILE = Wag/Info.plist;
				IPHONEOS_DEPLOYMENT_TARGET = 10.0;
				LD_RUNPATH_SEARCH_PATHS = "$(inherited) @executable_path/Frameworks";
				PRODUCT_BUNDLE_IDENTIFIER = com.keith.Wag;
				PRODUCT_NAME = "$(TARGET_NAME)";
				TARGETED_DEVICE_FAMILY = "1,2";
			};
			name = Debug;
		};
		53377A9720B7872500EAAAAD /* Release */ = {
			isa = XCBuildConfiguration;
			buildSettings = {
				ASSETCATALOG_COMPILER_APPICON_NAME = AppIcon;
				CODE_SIGN_STYLE = Automatic;
				DEVELOPMENT_TEAM = "";
				INFOPLIST_FILE = Wag/Info.plist;
				IPHONEOS_DEPLOYMENT_TARGET = 10.0;
				LD_RUNPATH_SEARCH_PATHS = "$(inherited) @executable_path/Frameworks";
				PRODUCT_BUNDLE_IDENTIFIER = com.keith.Wag;
				PRODUCT_NAME = "$(TARGET_NAME)";
				TARGETED_DEVICE_FAMILY = "1,2";
			};
			name = Release;
		};
/* End XCBuildConfiguration section */

/* Begin XCConfigurationList section */
		53377A7720B7872500EAAAAD /* Build configuration list for PBXProject "Wag" */ = {
			isa = XCConfigurationList;
			buildConfigurations = (
				53377A9320B7872500EAAAAD /* Debug */,
				53377A9420B7872500EAAAAD /* Release */,
			);
			defaultConfigurationIsVisible = 0;
			defaultConfigurationName = Release;
		};
		53377A9520B7872500EAAAAD /* Build configuration list for PBXNativeTarget "Wag" */ = {
			isa = XCConfigurationList;
			buildConfigurations = (
				53377A9620B7872500EAAAAD /* Debug */,
				53377A9720B7872500EAAAAD /* Release */,
			);
			defaultConfigurationIsVisible = 0;
			defaultConfigurationName = Release;
		};
/* End XCConfigurationList section */

/* Begin XCVersionGroup section */
		53377A8820B7872500EAAAAD /* Wag.xcdatamodeld */ = {
			isa = XCVersionGroup;
			children = (
				53377A8920B7872500EAAAAD /* Wag.xcdatamodel */,
			);
			currentVersion = 53377A8920B7872500EAAAAD /* Wag.xcdatamodel */;
			path = Wag.xcdatamodeld;
			sourceTree = "<group>";
			versionGroupType = wrapper.xcdatamodel;
		};
/* End XCVersionGroup section */
	};
	rootObject = 53377A7420B7872500EAAAAD /* Project object */;
}
